
Microsoft Visual Studio Solution File, Format Version 11.00
# Visual Studio 2010
Project("{FAE04EC0-301F-11D3-BF4B-00C04F79EFBC}") = "CCFlow", "..\CCFlow\CCFlow.csproj", "{AB063F5D-5166-4D77-96BB-93E981EDBB0B}"
EndProject
Project("{FAE04EC0-301F-11D3-BF4B-00C04F79EFBC}") = "BP.WF", "..\Components\BP.WF\BP.WF.csproj", "{04147518-E5E6-4B01-A797-094B8BA9CFD5}"
EndProject
Project("{2150E333-8FDC-42A3-9474-1A3956D46DE8}") = "DemoAndTesting", "..\DemoAndTesting", "{0D2A1AE1-885C-495C-A42C-F3B91E01B031}"
EndProject
Project("{FAE04EC0-301F-11D3-BF4B-00C04F79EFBC}") = "BP.Demo", "..\DemoAndTesting\BP.Demo\BP.Demo.csproj", "{8E48D1DF-CEED-4F0C-B863-3359B2A99134}"
EndProject
Project("{FAE04EC0-301F-11D3-BF4B-00C04F79EFBC}") = "CCFlowServices", "..\CCFlowServices\CCFlowServices.csproj", "{6E005D96-857E-4FD3-BF33-D1413769F191}"
EndProject
Project("{FAE04EC0-301F-11D3-BF4B-00C04F79EFBC}") = "IndustrialAutomationWorkflow", "..\DemoAndTesting\IndustrialAutomationWorkflow\IndustrialAutomationWorkflow.csproj", "{DE74097A-0A7F-4BEB-9FDB-421FE865A955}"
	ProjectSection(ProjectDependencies) = postProject
		{AB063F5D-5166-4D77-96BB-93E981EDBB0B} = {AB063F5D-5166-4D77-96BB-93E981EDBB0B}
	EndProjectSection
EndProject
Project("{FAE04EC0-301F-11D3-BF4B-00C04F79EFBC}") = "BP.En30", "..\Components\BP.En30\BP.En30.csproj", "{F9D27BAB-758D-4205-BFC8-76B49A4C87F1}"
EndProject
Project("{FAE04EC0-301F-11D3-BF4B-00C04F79EFBC}") = "BP.Web.Controls30", "..\Components\BP.Web.Controls30\BP.Web.Controls30.csproj", "{B04D173B-69F6-4BF3-8EA4-8DB2FC7F33F4}"
EndProject
Project("{2150E333-8FDC-42A3-9474-1A3956D46DE8}") = "Designer", "Designer", "{B9141FC1-47C7-4D9A-8EDB-DC52D4A50A71}"
EndProject
Project("{2150E333-8FDC-42A3-9474-1A3956D46DE8}") = "BPFramework", "BPFramework", "{71D045FC-85CE-4EFC-A2C7-1253F043CD68}"
EndProject
Project("{FAE04EC0-301F-11D3-BF4B-00C04F79EFBC}") = "TestingApp", "..\DemoAndTesting\TestingApp\TestingApp.csproj", "{49C541E8-CD69-4018-8EC5-9434D33E2735}"
EndProject
Project("{FAE04EC0-301F-11D3-BF4B-00C04F79EFBC}") = "BP.GPM", "..\Components\BP.GPM\BP.GPM.csproj", "{BA60EE39-F64F-49CB-80AB-6BB108EA4154}"
EndProject
Project("{FAE04EC0-301F-11D3-BF4B-00C04F79EFBC}") = "CCFlowDesigner", "..\DesignerForSilverlight\CCFlowDesigner\CCFlowDesigner.csproj", "{F55B885C-F362-4F08-BCAA-9CDEFE4A42AC}"
EndProject
Project("{FAE04EC0-301F-11D3-BF4B-00C04F79EFBC}") = "CCFlowDesignerSingle", "..\DesignerForSilverlight\CCFlowDesignerSingle\CCFlowDesignerSingle.csproj", "{1D0E0295-4702-46E2-9766-1A33EE418465}"
EndProject
Project("{FAE04EC0-301F-11D3-BF4B-00C04F79EFBC}") = "CCFormDesigner", "..\DesignerForSilverlight\CCFormDesigner\CCFormDesigner.csproj", "{83D53118-9A8D-4970-9A88-A2909B13FF64}"
EndProject
Project("{FAE04EC0-301F-11D3-BF4B-00C04F79EFBC}") = "BP.SL", "..\DesignerForSilverlight\BP.SL\BP.SL.csproj", "{107F990E-3963-4D97-AAE4-8DCCBD24FCD0}"
EndProject
Global
	GlobalSection(SolutionConfigurationPlatforms) = preSolution
		Debug|Any CPU = Debug|Any CPU
		Debug|Mixed Platforms = Debug|Mixed Platforms
		Debug|x86 = Debug|x86
		Release|Any CPU = Release|Any CPU
		Release|Mixed Platforms = Release|Mixed Platforms
		Release|x86 = Release|x86
	EndGlobalSection
	GlobalSection(ProjectConfigurationPlatforms) = postSolution
		{AB063F5D-5166-4D77-96BB-93E981EDBB0B}.Debug|Any CPU.ActiveCfg = Debug|Any CPU
		{AB063F5D-5166-4D77-96BB-93E981EDBB0B}.Debug|Any CPU.Build.0 = Debug|Any CPU
		{AB063F5D-5166-4D77-96BB-93E981EDBB0B}.Debug|Mixed Platforms.ActiveCfg = Debug|Any CPU
		{AB063F5D-5166-4D77-96BB-93E981EDBB0B}.Debug|Mixed Platforms.Build.0 = Debug|Any CPU
		{AB063F5D-5166-4D77-96BB-93E981EDBB0B}.Debug|x86.ActiveCfg = Debug|Any CPU
		{AB063F5D-5166-4D77-96BB-93E981EDBB0B}.Release|Any CPU.ActiveCfg = Release|Any CPU
		{AB063F5D-5166-4D77-96BB-93E981EDBB0B}.Release|Any CPU.Build.0 = Release|Any CPU
		{AB063F5D-5166-4D77-96BB-93E981EDBB0B}.Release|Mixed Platforms.ActiveCfg = Release|Any CPU
		{AB063F5D-5166-4D77-96BB-93E981EDBB0B}.Release|Mixed Platforms.Build.0 = Release|Any CPU
		{AB063F5D-5166-4D77-96BB-93E981EDBB0B}.Release|x86.ActiveCfg = Release|Any CPU
		{04147518-E5E6-4B01-A797-094B8BA9CFD5}.Debug|Any CPU.ActiveCfg = Debug|Any CPU
		{04147518-E5E6-4B01-A797-094B8BA9CFD5}.Debug|Any CPU.Build.0 = Debug|Any CPU
		{04147518-E5E6-4B01-A797-094B8BA9CFD5}.Debug|Mixed Platforms.ActiveCfg = Debug|Any CPU
		{04147518-E5E6-4B01-A797-094B8BA9CFD5}.Debug|Mixed Platforms.Build.0 = Debug|Any CPU
		{04147518-E5E6-4B01-A797-094B8BA9CFD5}.Debug|x86.ActiveCfg = Debug|Any CPU
		{04147518-E5E6-4B01-A797-094B8BA9CFD5}.Release|Any CPU.ActiveCfg = Release|Any CPU
		{04147518-E5E6-4B01-A797-094B8BA9CFD5}.Release|Any CPU.Build.0 = Release|Any CPU
		{04147518-E5E6-4B01-A797-094B8BA9CFD5}.Release|Mixed Platforms.ActiveCfg = Release|Any CPU
		{04147518-E5E6-4B01-A797-094B8BA9CFD5}.Release|Mixed Platforms.Build.0 = Release|Any CPU
		{04147518-E5E6-4B01-A797-094B8BA9CFD5}.Release|x86.ActiveCfg = Release|Any CPU
		{8E48D1DF-CEED-4F0C-B863-3359B2A99134}.Debug|Any CPU.ActiveCfg = Debug|Any CPU
		{8E48D1DF-CEED-4F0C-B863-3359B2A99134}.Debug|Any CPU.Build.0 = Debug|Any CPU
		{8E48D1DF-CEED-4F0C-B863-3359B2A99134}.Debug|Mixed Platforms.ActiveCfg = Debug|Any CPU
		{8E48D1DF-CEED-4F0C-B863-3359B2A99134}.Debug|Mixed Platforms.Build.0 = Debug|Any CPU
		{8E48D1DF-CEED-4F0C-B863-3359B2A99134}.Debug|x86.ActiveCfg = Debug|Any CPU
		{8E48D1DF-CEED-4F0C-B863-3359B2A99134}.Release|Any CPU.ActiveCfg = Release|Any CPU
		{8E48D1DF-CEED-4F0C-B863-3359B2A99134}.Release|Any CPU.Build.0 = Release|Any CPU
		{8E48D1DF-CEED-4F0C-B863-3359B2A99134}.Release|Mixed Platforms.ActiveCfg = Release|Any CPU
		{8E48D1DF-CEED-4F0C-B863-3359B2A99134}.Release|Mixed Platforms.Build.0 = Release|Any CPU
		{8E48D1DF-CEED-4F0C-B863-3359B2A99134}.Release|x86.ActiveCfg = Release|Any CPU
		{6E005D96-857E-4FD3-BF33-D1413769F191}.Debug|Any CPU.ActiveCfg = Debug|Any CPU
		{6E005D96-857E-4FD3-BF33-D1413769F191}.Debug|Any CPU.Build.0 = Debug|Any CPU
		{6E005D96-857E-4FD3-BF33-D1413769F191}.Debug|Mixed Platforms.ActiveCfg = Debug|Any CPU
		{6E005D96-857E-4FD3-BF33-D1413769F191}.Debug|Mixed Platforms.Build.0 = Debug|Any CPU
		{6E005D96-857E-4FD3-BF33-D1413769F191}.Debug|x86.ActiveCfg = Debug|Any CPU
		{6E005D96-857E-4FD3-BF33-D1413769F191}.Release|Any CPU.ActiveCfg = Release|Any CPU
		{6E005D96-857E-4FD3-BF33-D1413769F191}.Release|Any CPU.Build.0 = Release|Any CPU
		{6E005D96-857E-4FD3-BF33-D1413769F191}.Release|Mixed Platforms.ActiveCfg = Release|Any CPU
		{6E005D96-857E-4FD3-BF33-D1413769F191}.Release|Mixed Platforms.Build.0 = Release|Any CPU
		{6E005D96-857E-4FD3-BF33-D1413769F191}.Release|x86.ActiveCfg = Release|Any CPU
		{DE74097A-0A7F-4BEB-9FDB-421FE865A955}.Debug|Any CPU.ActiveCfg = Debug|x86
		{DE74097A-0A7F-4BEB-9FDB-421FE865A955}.Debug|Mixed Platforms.ActiveCfg = Debug|x86
		{DE74097A-0A7F-4BEB-9FDB-421FE865A955}.Debug|Mixed Platforms.Build.0 = Debug|x86
		{DE74097A-0A7F-4BEB-9FDB-421FE865A955}.Debug|x86.ActiveCfg = Debug|x86
		{DE74097A-0A7F-4BEB-9FDB-421FE865A955}.Debug|x86.Build.0 = Debug|x86
		{DE74097A-0A7F-4BEB-9FDB-421FE865A955}.Release|Any CPU.ActiveCfg = Release|x86
		{DE74097A-0A7F-4BEB-9FDB-421FE865A955}.Release|Mixed Platforms.ActiveCfg = Release|x86
		{DE74097A-0A7F-4BEB-9FDB-421FE865A955}.Release|Mixed Platforms.Build.0 = Release|x86
		{DE74097A-0A7F-4BEB-9FDB-421FE865A955}.Release|x86.ActiveCfg = Release|x86
		{DE74097A-0A7F-4BEB-9FDB-421FE865A955}.Release|x86.Build.0 = Release|x86
		{F9D27BAB-758D-4205-BFC8-76B49A4C87F1}.Debug|Any CPU.ActiveCfg = Debug|Any CPU
		{F9D27BAB-758D-4205-BFC8-76B49A4C87F1}.Debug|Any CPU.Build.0 = Debug|Any CPU
		{F9D27BAB-758D-4205-BFC8-76B49A4C87F1}.Debug|Mixed Platforms.ActiveCfg = Debug|Any CPU
		{F9D27BAB-758D-4205-BFC8-76B49A4C87F1}.Debug|Mixed Platforms.Build.0 = Debug|Any CPU
		{F9D27BAB-758D-4205-BFC8-76B49A4C87F1}.Debug|x86.ActiveCfg = Debug|Any CPU
		{F9D27BAB-758D-4205-BFC8-76B49A4C87F1}.Release|Any CPU.ActiveCfg = Release|Any CPU
		{F9D27BAB-758D-4205-BFC8-76B49A4C87F1}.Release|Any CPU.Build.0 = Release|Any CPU
		{F9D27BAB-758D-4205-BFC8-76B49A4C87F1}.Release|Mixed Platforms.ActiveCfg = Release|Any CPU
		{F9D27BAB-758D-4205-BFC8-76B49A4C87F1}.Release|Mixed Platforms.Build.0 = Release|Any CPU
		{F9D27BAB-758D-4205-BFC8-76B49A4C87F1}.Release|x86.ActiveCfg = Release|Any CPU
		{B04D173B-69F6-4BF3-8EA4-8DB2FC7F33F4}.Debug|Any CPU.ActiveCfg = Debug|Any CPU
		{B04D173B-69F6-4BF3-8EA4-8DB2FC7F33F4}.Debug|Any CPU.Build.0 = Debug|Any CPU
		{B04D173B-69F6-4BF3-8EA4-8DB2FC7F33F4}.Debug|Mixed Platforms.ActiveCfg = Debug|Any CPU
		{B04D173B-69F6-4BF3-8EA4-8DB2FC7F33F4}.Debug|Mixed Platforms.Build.0 = Debug|Any CPU
		{B04D173B-69F6-4BF3-8EA4-8DB2FC7F33F4}.Debug|x86.ActiveCfg = Debug|Any CPU
		{B04D173B-69F6-4BF3-8EA4-8DB2FC7F33F4}.Release|Any CPU.ActiveCfg = Release|Any CPU
		{B04D173B-69F6-4BF3-8EA4-8DB2FC7F33F4}.Release|Any CPU.Build.0 = Release|Any CPU
		{B04D173B-69F6-4BF3-8EA4-8DB2FC7F33F4}.Release|Mixed Platforms.ActiveCfg = Release|Any CPU
		{B04D173B-69F6-4BF3-8EA4-8DB2FC7F33F4}.Release|Mixed Platforms.Build.0 = Release|Any CPU
		{B04D173B-69F6-4BF3-8EA4-8DB2FC7F33F4}.Release|x86.ActiveCfg = Release|Any CPU
		{49C541E8-CD69-4018-8EC5-9434D33E2735}.Debug|Any CPU.ActiveCfg = Debug|Any CPU
		{49C541E8-CD69-4018-8EC5-9434D33E2735}.Debug|Any CPU.Build.0 = Debug|Any CPU
		{49C541E8-CD69-4018-8EC5-9434D33E2735}.Debug|Mixed Platforms.ActiveCfg = Debug|Any CPU
		{49C541E8-CD69-4018-8EC5-9434D33E2735}.Debug|Mixed Platforms.Build.0 = Debug|Any CPU
		{49C541E8-CD69-4018-8EC5-9434D33E2735}.Debug|x86.ActiveCfg = Debug|Any CPU
		{49C541E8-CD69-4018-8EC5-9434D33E2735}.Release|Any CPU.ActiveCfg = Release|Any CPU
		{49C541E8-CD69-4018-8EC5-9434D33E2735}.Release|Any CPU.Build.0 = Release|Any CPU
		{49C541E8-CD69-4018-8EC5-9434D33E2735}.Release|Mixed Platforms.ActiveCfg = Release|Any CPU
		{49C541E8-CD69-4018-8EC5-9434D33E2735}.Release|Mixed Platforms.Build.0 = Release|Any CPU
		{49C541E8-CD69-4018-8EC5-9434D33E2735}.Release|x86.ActiveCfg = Release|Any CPU
		{BA60EE39-F64F-49CB-80AB-6BB108EA4154}.Debug|Any CPU.ActiveCfg = Debug|Any CPU
		{BA60EE39-F64F-49CB-80AB-6BB108EA4154}.Debug|Any CPU.Build.0 = Debug|Any CPU
		{BA60EE39-F64F-49CB-80AB-6BB108EA4154}.Debug|Mixed Platforms.ActiveCfg = Debug|Any CPU
		{BA60EE39-F64F-49CB-80AB-6BB108EA4154}.Debug|Mixed Platforms.Build.0 = Debug|Any CPU
		{BA60EE39-F64F-49CB-80AB-6BB108EA4154}.Debug|x86.ActiveCfg = Debug|Any CPU
		{BA60EE39-F64F-49CB-80AB-6BB108EA4154}.Release|Any CPU.ActiveCfg = Release|Any CPU
		{BA60EE39-F64F-49CB-80AB-6BB108EA4154}.Release|Any CPU.Build.0 = Release|Any CPU
		{BA60EE39-F64F-49CB-80AB-6BB108EA4154}.Release|Mixed Platforms.ActiveCfg = Release|Any CPU
		{BA60EE39-F64F-49CB-80AB-6BB108EA4154}.Release|Mixed Platforms.Build.0 = Release|Any CPU
		{BA60EE39-F64F-49CB-80AB-6BB108EA4154}.Release|x86.ActiveCfg = Release|Any CPU
		{F55B885C-F362-4F08-BCAA-9CDEFE4A42AC}.Debug|Any CPU.ActiveCfg = Debug|Any CPU
		{F55B885C-F362-4F08-BCAA-9CDEFE4A42AC}.Debug|Any CPU.Build.0 = Debug|Any CPU
		{F55B885C-F362-4F08-BCAA-9CDEFE4A42AC}.Debug|Mixed Platforms.ActiveCfg = Debug|Any CPU
		{F55B885C-F362-4F08-BCAA-9CDEFE4A42AC}.Debug|Mixed Platforms.Build.0 = Debug|Any CPU
		{F55B885C-F362-4F08-BCAA-9CDEFE4A42AC}.Debug|x86.ActiveCfg = Debug|Any CPU
		{F55B885C-F362-4F08-BCAA-9CDEFE4A42AC}.Release|Any CPU.ActiveCfg = Release|Any CPU
		{F55B885C-F362-4F08-BCAA-9CDEFE4A42AC}.Release|Any CPU.Build.0 = Release|Any CPU
		{F55B885C-F362-4F08-BCAA-9CDEFE4A42AC}.Release|Mixed Platforms.ActiveCfg = Release|Any CPU
		{F55B885C-F362-4F08-BCAA-9CDEFE4A42AC}.Release|Mixed Platforms.Build.0 = Release|Any CPU
		{F55B885C-F362-4F08-BCAA-9CDEFE4A42AC}.Release|x86.ActiveCfg = Release|Any CPU
		{1D0E0295-4702-46E2-9766-1A33EE418465}.Debug|Any CPU.ActiveCfg = Debug|Any CPU
		{1D0E0295-4702-46E2-9766-1A33EE418465}.Debug|Any CPU.Build.0 = Debug|Any CPU
		{1D0E0295-4702-46E2-9766-1A33EE418465}.Debug|Mixed Platforms.ActiveCfg = Debug|Any CPU
		{1D0E0295-4702-46E2-9766-1A33EE418465}.Debug|Mixed Platforms.Build.0 = Debug|Any CPU
		{1D0E0295-4702-46E2-9766-1A33EE418465}.Debug|x86.ActiveCfg = Debug|Any CPU
		{1D0E0295-4702-46E2-9766-1A33EE418465}.Release|Any CPU.ActiveCfg = Release|Any CPU
		{1D0E0295-4702-46E2-9766-1A33EE418465}.Release|Any CPU.Build.0 = Release|Any CPU
		{1D0E0295-4702-46E2-9766-1A33EE418465}.Release|Mixed Platforms.ActiveCfg = Release|Any CPU
		{1D0E0295-4702-46E2-9766-1A33EE418465}.Release|Mixed Platforms.Build.0 = Release|Any CPU
		{1D0E0295-4702-46E2-9766-1A33EE418465}.Release|x86.ActiveCfg = Release|Any CPU
		{83D53118-9A8D-4970-9A88-A2909B13FF64}.Debug|Any CPU.ActiveCfg = Debug|Any CPU
		{83D53118-9A8D-4970-9A88-A2909B13FF64}.Debug|Any CPU.Build.0 = Debug|Any CPU
		{83D53118-9A8D-4970-9A88-A2909B13FF64}.Debug|Mixed Platforms.ActiveCfg = Debug|Any CPU
		{83D53118-9A8D-4970-9A88-A2909B13FF64}.Debug|Mixed Platforms.Build.0 = Debug|Any CPU
		{83D53118-9A8D-4970-9A88-A2909B13FF64}.Debug|x86.ActiveCfg = Debug|Any CPU
		{83D53118-9A8D-4970-9A88-A2909B13FF64}.Release|Any CPU.ActiveCfg = Release|Any CPU
		{83D53118-9A8D-4970-9A88-A2909B13FF64}.Release|Any CPU.Build.0 = Release|Any CPU
		{83D53118-9A8D-4970-9A88-A2909B13FF64}.Release|Mixed Platforms.ActiveCfg = Release|Any CPU
		{83D53118-9A8D-4970-9A88-A2909B13FF64}.Release|Mixed Platforms.Build.0 = Release|Any CPU
		{83D53118-9A8D-4970-9A88-A2909B13FF64}.Release|x86.ActiveCfg = Release|Any CPU
		{107F990E-3963-4D97-AAE4-8DCCBD24FCD0}.Debug|Any CPU.ActiveCfg = Debug|Any CPU
		{107F990E-3963-4D97-AAE4-8DCCBD24FCD0}.Debug|Any CPU.Build.0 = Debug|Any CPU
		{107F990E-3963-4D97-AAE4-8DCCBD24FCD0}.Debug|Mixed Platforms.ActiveCfg = Debug|Any CPU
		{107F990E-3963-4D97-AAE4-8DCCBD24FCD0}.Debug|Mixed Platforms.Build.0 = Debug|Any CPU
		{107F990E-3963-4D97-AAE4-8DCCBD24FCD0}.Debug|x86.ActiveCfg = Debug|Any CPU
		{107F990E-3963-4D97-AAE4-8DCCBD24FCD0}.Release|Any CPU.ActiveCfg = Release|Any CPU
		{107F990E-3963-4D97-AAE4-8DCCBD24FCD0}.Release|Any CPU.Build.0 = Release|Any CPU
		{107F990E-3963-4D97-AAE4-8DCCBD24FCD0}.Release|Mixed Platforms.ActiveCfg = Release|Any CPU
		{107F990E-3963-4D97-AAE4-8DCCBD24FCD0}.Release|Mixed Platforms.Build.0 = Release|Any CPU
		{107F990E-3963-4D97-AAE4-8DCCBD24FCD0}.Release|x86.ActiveCfg = Release|Any CPU
	EndGlobalSection
	GlobalSection(SolutionProperties) = preSolution
		HideSolutionNode = FALSE
	EndGlobalSection
	GlobalSection(NestedProjects) = preSolution
		{F9D27BAB-758D-4205-BFC8-76B49A4C87F1} = {71D045FC-85CE-4EFC-A2C7-1253F043CD68}
		{B04D173B-69F6-4BF3-8EA4-8DB2FC7F33F4} = {71D045FC-85CE-4EFC-A2C7-1253F043CD68}
		{04147518-E5E6-4B01-A797-094B8BA9CFD5} = {71D045FC-85CE-4EFC-A2C7-1253F043CD68}
		{BA60EE39-F64F-49CB-80AB-6BB108EA4154} = {71D045FC-85CE-4EFC-A2C7-1253F043CD68}
		{F55B885C-F362-4F08-BCAA-9CDEFE4A42AC} = {B9141FC1-47C7-4D9A-8EDB-DC52D4A50A71}
		{1D0E0295-4702-46E2-9766-1A33EE418465} = {B9141FC1-47C7-4D9A-8EDB-DC52D4A50A71}
		{83D53118-9A8D-4970-9A88-A2909B13FF64} = {B9141FC1-47C7-4D9A-8EDB-DC52D4A50A71}
		{107F990E-3963-4D97-AAE4-8DCCBD24FCD0} = {B9141FC1-47C7-4D9A-8EDB-DC52D4A50A71}
		{8E48D1DF-CEED-4F0C-B863-3359B2A99134} = {0D2A1AE1-885C-495C-A42C-F3B91E01B031}
		{DE74097A-0A7F-4BEB-9FDB-421FE865A955} = {0D2A1AE1-885C-495C-A42C-F3B91E01B031}
		{49C541E8-CD69-4018-8EC5-9434D33E2735} = {0D2A1AE1-885C-495C-A42C-F3B91E01B031}
	EndGlobalSection
EndGlobal
