
Microsoft Visual Studio Solution File, Format Version 11.00
# Visual Studio 2010
Project("{FAE04EC0-301F-11D3-BF4B-00C04F79EFBC}") = "CCFlowWord2007", "CCFlowWord2007.csproj", "{3A8C451C-3142-4698-A32C-68810AD5EDA5}"
EndProject
Project("{2150E333-8FDC-42A3-9474-1A3956D46DE8}") = "Server", "Server", "{741B71FA-513A-4BF2-AB6A-FCAD65B4F2A2}"
EndProject
Global
	GlobalSection(SolutionConfigurationPlatforms) = preSolution
		Debug|Any CPU = Debug|Any CPU
		Release|Any CPU = Release|Any CPU
	EndGlobalSection
	GlobalSection(ProjectConfigurationPlatforms) = postSolution
		{3A8C451C-3142-4698-A32C-68810AD5EDA5}.Debug|Any CPU.ActiveCfg = Debug|Any CPU
		{3A8C451C-3142-4698-A32C-68810AD5EDA5}.Debug|Any CPU.Build.0 = Debug|Any CPU
		{3A8C451C-3142-4698-A32C-68810AD5EDA5}.Release|Any CPU.ActiveCfg = Release|Any CPU
		{3A8C451C-3142-4698-A32C-68810AD5EDA5}.Release|Any CPU.Build.0 = Release|Any CPU
	EndGlobalSection
	GlobalSection(SolutionProperties) = preSolution
		HideSolutionNode = FALSE
	EndGlobalSection
EndGlobal
