
Microsoft Visual Studio Solution File, Format Version 11.00
# Visual Studio 2010
Project("{FAE04EC0-301F-11D3-BF4B-00C04F79EFBC}") = "CCFormExcel2010", "CCFormExcel2010\CCFormExcel2010.csproj", "{7DBE9715-2CF5-4177-B84F-80B2AC4538D4}"
EndProject
Project("{FAE04EC0-301F-11D3-BF4B-00C04F79EFBC}") = "BP.VSTO", "..\BP.VSTO\BP.VSTO.csproj", "{E0B62C3D-FE54-4230-8C2E-7ACDF53BF2C2}"
EndProject
Global
	GlobalSection(SolutionConfigurationPlatforms) = preSolution
		Debug|Any CPU = Debug|Any CPU
		Release|Any CPU = Release|Any CPU
	EndGlobalSection
	GlobalSection(ProjectConfigurationPlatforms) = postSolution
		{7DBE9715-2CF5-4177-B84F-80B2AC4538D4}.Debug|Any CPU.ActiveCfg = Debug|Any CPU
		{7DBE9715-2CF5-4177-B84F-80B2AC4538D4}.Debug|Any CPU.Build.0 = Debug|Any CPU
		{7DBE9715-2CF5-4177-B84F-80B2AC4538D4}.Release|Any CPU.ActiveCfg = Release|Any CPU
		{7DBE9715-2CF5-4177-B84F-80B2AC4538D4}.Release|Any CPU.Build.0 = Release|Any CPU
		{E0B62C3D-FE54-4230-8C2E-7ACDF53BF2C2}.Debug|Any CPU.ActiveCfg = Debug|Any CPU
		{E0B62C3D-FE54-4230-8C2E-7ACDF53BF2C2}.Debug|Any CPU.Build.0 = Debug|Any CPU
		{E0B62C3D-FE54-4230-8C2E-7ACDF53BF2C2}.Release|Any CPU.ActiveCfg = Release|Any CPU
		{E0B62C3D-FE54-4230-8C2E-7ACDF53BF2C2}.Release|Any CPU.Build.0 = Release|Any CPU
	EndGlobalSection
	GlobalSection(SolutionProperties) = preSolution
		HideSolutionNode = FALSE
	EndGlobalSection
EndGlobal
